// !$*UTF8*$!
{
	archiveVersion = 1;
	classes = {
	};
	objectVersion = 50;
	objects = {

/* Begin PBXBuildFile section */
		3DBBD82128BD035100D3103C /* AppDelegate.swift in Sources */ = {isa = PBXBuildFile; fileRef = 3DBBD82028BD035100D3103C /* AppDelegate.swift */; };
		3DBBD82328BD035200D3103C /* ViewController.swift in Sources */ = {isa = PBXBuildFile; fileRef = 3DBBD82228BD035200D3103C /* ViewController.swift */; };
		3DBBD82628BD035200D3103C /* Main.storyboard in Resources */ = {isa = PBXBuildFile; fileRef = 3DBBD82428BD035200D3103C /* Main.storyboard */; };
		3DBBD82828BD036200D3103C /* Assets.xcassets in Resources */ = {isa = PBXBuildFile; fileRef = 3DBBD82728BD036200D3103C /* Assets.xcassets */; };
		3DBBD82B28BD036200D3103C /* LaunchScreen.storyboard in Resources */ = {isa = PBXBuildFile; fileRef = 3DBBD82928BD036200D3103C /* LaunchScreen.storyboard */; };
		3DBBD83628BD036200D3103C /* ImagenesTests.swift in Sources */ = {isa = PBXBuildFile; fileRef = 3DBBD83528BD036200D3103C /* ImagenesTests.swift */; };
		3DBBD84128BD036200D3103C /* ImagenesUITests.swift in Sources */ = {isa = PBXBuildFile; fileRef = 3DBBD84028BD036200D3103C /* ImagenesUITests.swift */; };
/* End PBXBuildFile section */

/* Begin PBXContainerItemProxy section */
		3DBBD83228BD036200D3103C /* PBXContainerItemProxy */ = {
			isa = PBXContainerItemProxy;
			containerPortal = 3DBBD81528BD035100D3103C /* Project object */;
			proxyType = 1;
			remoteGlobalIDString = 3DBBD81C28BD035100D3103C;
			remoteInfo = Imagenes;
		};
		3DBBD83D28BD036200D3103C /* PBXContainerItemProxy */ = {
			isa = PBXContainerItemProxy;
			containerPortal = 3DBBD81528BD035100D3103C /* Project object */;
			proxyType = 1;
			remoteGlobalIDString = 3DBBD81C28BD035100D3103C;
			remoteInfo = Imagenes;
		};
/* End PBXContainerItemProxy section */

/* Begin PBXFileReference section */
		3DBBD81D28BD035100D3103C /* Imagenes.app */ = {isa = PBXFileReference; explicitFileType = wrapper.application; includeInIndex = 0; path = Imagenes.app; sourceTree = BUILT_PRODUCTS_DIR; };
		3DBBD82028BD035100D3103C /* AppDelegate.swift */ = {isa = PBXFileReference; lastKnownFileType = sourcecode.swift; path = AppDelegate.swift; sourceTree = "<group>"; };
		3DBBD82228BD035200D3103C /* ViewController.swift */ = {isa = PBXFileReference; lastKnownFileType = sourcecode.swift; path = ViewController.swift; sourceTree = "<group>"; };
		3DBBD82528BD035200D3103C /* Base */ = {isa = PBXFileReference; lastKnownFileType = file.storyboard; name = Base; path = Base.lproj/Main.storyboard; sourceTree = "<group>"; };
		3DBBD82728BD036200D3103C /* Assets.xcassets */ = {isa = PBXFileReference; lastKnownFileType = folder.assetcatalog; path = Assets.xcassets; sourceTree = "<group>"; };
		3DBBD82A28BD036200D3103C /* Base */ = {isa = PBXFileReference; lastKnownFileType = file.storyboard; name = Base; path = Base.lproj/LaunchScreen.storyboard; sourceTree = "<group>"; };
		3DBBD82C28BD036200D3103C /* Info.plist */ = {isa = PBXFileReference; lastKnownFileType = text.plist.xml; path = Info.plist; sourceTree = "<group>"; };
		3DBBD83128BD036200D3103C /* ImagenesTests.xctest */ = {isa = PBXFileReference; explicitFileType = wrapper.cfbundle; includeInIndex = 0; path = ImagenesTests.xctest; sourceTree = BUILT_PRODUCTS_DIR; };
		3DBBD83528BD036200D3103C /* ImagenesTests.swift */ = {isa = PBXFileReference; lastKnownFileType = sourcecode.swift; path = ImagenesTests.swift; sourceTree = "<group>"; };
		3DBBD83728BD036200D3103C /* Info.plist */ = {isa = PBXFileReference; lastKnownFileType = text.plist.xml; path = Info.plist; sourceTree = "<group>"; };
		3DBBD83C28BD036200D3103C /* ImagenesUITests.xctest */ = {isa = PBXFileReference; explicitFileType = wrapper.cfbundle; includeInIndex = 0; path = ImagenesUITests.xctest; sourceTree = BUILT_PRODUCTS_DIR; };
		3DBBD84028BD036200D3103C /* ImagenesUITests.swift */ = {isa = PBXFileReference; lastKnownFileType = sourcecode.swift; path = ImagenesUITests.swift; sourceTree = "<group>"; };
		3DBBD84228BD036200D3103C /* Info.plist */ = {isa = PBXFileReference; lastKnownFileType = text.plist.xml; path = Info.plist; sourceTree = "<group>"; };
/* End PBXFileReference section */

/* Begin PBXFrameworksBuildPhase section */
		3DBBD81A28BD035100D3103C /* Frameworks */ = {
			isa = PBXFrameworksBuildPhase;
			buildActionMask = 2147483647;
			files = (
			);
			runOnlyForDeploymentPostprocessing = 0;
		};
		3DBBD82E28BD036200D3103C /* Frameworks */ = {
			isa = PBXFrameworksBuildPhase;
			buildActionMask = 2147483647;
			files = (
			);
			runOnlyForDeploymentPostprocessing = 0;
		};
		3DBBD83928BD036200D3103C /* Frameworks */ = {
			isa = PBXFrameworksBuildPhase;
			buildActionMask = 2147483647;
			files = (
			);
			runOnlyForDeploymentPostprocessing = 0;
		};
/* End PBXFrameworksBuildPhase section */

/* Begin PBXGroup section */
		3DBBD81428BD035100D3103C = {
			isa = PBXGroup;
			children = (
				3DBBD81F28BD035100D3103C /* Imagenes */,
				3DBBD83428BD036200D3103C /* ImagenesTests */,
				3DBBD83F28BD036200D3103C /* ImagenesUITests */,
				3DBBD81E28BD035100D3103C /* Products */,
			);
			sourceTree = "<group>";
		};
		3DBBD81E28BD035100D3103C /* Products */ = {
			isa = PBXGroup;
			children = (
				3DBBD81D28BD035100D3103C /* Imagenes.app */,
				3DBBD83128BD036200D3103C /* ImagenesTests.xctest */,
				3DBBD83C28BD036200D3103C /* ImagenesUITests.xctest */,
			);
			name = Products;
			sourceTree = "<group>";
		};
		3DBBD81F28BD035100D3103C /* Imagenes */ = {
			isa = PBXGroup;
			children = (
				3DBBD82028BD035100D3103C /* AppDelegate.swift */,
				3DBBD82228BD035200D3103C /* ViewController.swift */,
				3DBBD82428BD035200D3103C /* Main.storyboard */,
				3DBBD82728BD036200D3103C /* Assets.xcassets */,
				3DBBD82928BD036200D3103C /* LaunchScreen.storyboard */,
				3DBBD82C28BD036200D3103C /* Info.plist */,
			);
			path = Imagenes;
			sourceTree = "<group>";
		};
		3DBBD83428BD036200D3103C /* ImagenesTests */ = {
			isa = PBXGroup;
			children = (
				3DBBD83528BD036200D3103C /* ImagenesTests.swift */,
				3DBBD83728BD036200D3103C /* Info.plist */,
			);
			path = ImagenesTests;
			sourceTree = "<group>";
		};
		3DBBD83F28BD036200D3103C /* ImagenesUITests */ = {
			isa = PBXGroup;
			children = (
				3DBBD84028BD036200D3103C /* ImagenesUITests.swift */,
				3DBBD84228BD036200D3103C /* Info.plist */,
			);
			path = ImagenesUITests;
			sourceTree = "<group>";
		};
/* End PBXGroup section */

/* Begin PBXNativeTarget section */
		3DBBD81C28BD035100D3103C /* Imagenes */ = {
			isa = PBXNativeTarget;
			buildConfigurationList = 3DBBD84528BD036200D3103C /* Build configuration list for PBXNativeTarget "Imagenes" */;
			buildPhases = (
				3DBBD81928BD035100D3103C /* Sources */,
				3DBBD81A28BD035100D3103C /* Frameworks */,
				3DBBD81B28BD035100D3103C /* Resources */,
			);
			buildRules = (
			);
			dependencies = (
			);
			name = Imagenes;
			productName = Imagenes;
			productReference = 3DBBD81D28BD035100D3103C /* Imagenes.app */;
			productType = "com.apple.product-type.application";
		};
		3DBBD83028BD036200D3103C /* ImagenesTests */ = {
			isa = PBXNativeTarget;
			buildConfigurationList = 3DBBD84828BD036200D3103C /* Build configuration list for PBXNativeTarget "ImagenesTests" */;
			buildPhases = (
				3DBBD82D28BD036200D3103C /* Sources */,
				3DBBD82E28BD036200D3103C /* Frameworks */,
				3DBBD82F28BD036200D3103C /* Resources */,
			);
			buildRules = (
			);
			dependencies = (
				3DBBD83328BD036200D3103C /* PBXTargetDependency */,
			);
			name = ImagenesTests;
			productName = ImagenesTests;
			productReference = 3DBBD83128BD036200D3103C /* ImagenesTests.xctest */;
			productType = "com.apple.product-type.bundle.unit-test";
		};
		3DBBD83B28BD036200D3103C /* ImagenesUITests */ = {
			isa = PBXNativeTarget;
			buildConfigurationList = 3DBBD84B28BD036200D3103C /* Build configuration list for PBXNativeTarget "ImagenesUITests" */;
			buildPhases = (
				3DBBD83828BD036200D3103C /* Sources */,
				3DBBD83928BD036200D3103C /* Frameworks */,
				3DBBD83A28BD036200D3103C /* Resources */,
			);
			buildRules = (
			);
			dependencies = (
				3DBBD83E28BD036200D3103C /* PBXTargetDependency */,
			);
			name = ImagenesUITests;
			productName = ImagenesUITests;
			productReference = 3DBBD83C28BD036200D3103C /* ImagenesUITests.xctest */;
			productType = "com.apple.product-type.bundle.ui-testing";
		};
/* End PBXNativeTarget section */

/* Begin PBXProject section */
		3DBBD81528BD035100D3103C /* Project object */ = {
			isa = PBXProject;
			attributes = {
				LastSwiftUpdateCheck = 0940;
				LastUpgradeCheck = 0940;
				ORGANIZATIONNAME = Alumno;
				TargetAttributes = {
					3DBBD81C28BD035100D3103C = {
						CreatedOnToolsVersion = 9.4.1;
					};
					3DBBD83028BD036200D3103C = {
						CreatedOnToolsVersion = 9.4.1;
						TestTargetID = 3DBBD81C28BD035100D3103C;
					};
					3DBBD83B28BD036200D3103C = {
						CreatedOnToolsVersion = 9.4.1;
						TestTargetID = 3DBBD81C28BD035100D3103C;
					};
				};
			};
			buildConfigurationList = 3DBBD81828BD035100D3103C /* Build configuration list for PBXProject "Imagenes" */;
			compatibilityVersion = "Xcode 9.3";
			developmentRegion = en;
			hasScannedForEncodings = 0;
			knownRegions = (
				en,
				Base,
			);
			mainGroup = 3DBBD81428BD035100D3103C;
			productRefGroup = 3DBBD81E28BD035100D3103C /* Products */;
			projectDirPath = "";
			projectRoot = "";
			targets = (
				3DBBD81C28BD035100D3103C /* Imagenes */,
				3DBBD83028BD036200D3103C /* ImagenesTests */,
				3DBBD83B28BD036200D3103C /* ImagenesUITests */,
			);
		};
/* End PBXProject section */

/* Begin PBXResourcesBuildPhase section */
		3DBBD81B28BD035100D3103C /* Resources */ = {
			isa = PBXResourcesBuildPhase;
			buildActionMask = 2147483647;
			files = (
				3DBBD82B28BD036200D3103C /* LaunchScreen.storyboard in Resources */,
				3DBBD82828BD036200D3103C /* Assets.xcassets in Resources */,
				3DBBD82628BD035200D3103C /* Main.storyboard in Resources */,
			);
			runOnlyForDeploymentPostprocessing = 0;
		};
		3DBBD82F28BD036200D3103C /* Resources */ = {
			isa = PBXResourcesBuildPhase;
			buildActionMask = 2147483647;
			files = (
			);
			runOnlyForDeploymentPostprocessing = 0;
		};
		3DBBD83A28BD036200D3103C /* Resources */ = {
			isa = PBXResourcesBuildPhase;
			buildActionMask = 2147483647;
			files = (
			);
			runOnlyForDeploymentPostprocessing = 0;
		};
/* End PBXResourcesBuildPhase section */

/* Begin PBXSourcesBuildPhase section */
		3DBBD81928BD035100D3103C /* Sources */ = {
			isa = PBXSourcesBuildPhase;
			buildActionMask = 2147483647;
			files = (
				3DBBD82328BD035200D3103C /* ViewController.swift in Sources */,
				3DBBD82128BD035100D3103C /* AppDelegate.swift in Sources */,
			);
			runOnlyForDeploymentPostprocessing = 0;
		};
		3DBBD82D28BD036200D3103C /* Sources */ = {
			isa = PBXSourcesBuildPhase;
			buildActionMask = 2147483647;
			files = (
				3DBBD83628BD036200D3103C /* ImagenesTests.swift in Sources */,
			);
			runOnlyForDeploymentPostprocessing = 0;
		};
		3DBBD83828BD036200D3103C /* Sources */ = {
			isa = PBXSourcesBuildPhase;
			buildActionMask = 2147483647;
			files = (
				3DBBD84128BD036200D3103C /* ImagenesUITests.swift in Sources */,
			);
			runOnlyForDeploymentPostprocessing = 0;
		};
/* End PBXSourcesBuildPhase section */

/* Begin PBXTargetDependency section */
		3DBBD83328BD036200D3103C /* PBXTargetDependency */ = {
			isa = PBXTargetDependency;
			target = 3DBBD81C28BD035100D3103C /* Imagenes */;
			targetProxy = 3DBBD83228BD036200D3103C /* PBXContainerItemProxy */;
		};
		3DBBD83E28BD036200D3103C /* PBXTargetDependency */ = {
			isa = PBXTargetDependency;
			target = 3DBBD81C28BD035100D3103C /* Imagenes */;
			targetProxy = 3DBBD83D28BD036200D3103C /* PBXContainerItemProxy */;
		};
/* End PBXTargetDependency section */

/* Begin PBXVariantGroup section */
		3DBBD82428BD035200D3103C /* Main.storyboard */ = {
			isa = PBXVariantGroup;
			children = (
				3DBBD82528BD035200D3103C /* Base */,
			);
			name = Main.storyboard;
			sourceTree = "<group>";
		};
		3DBBD82928BD036200D3103C /* LaunchScreen.storyboard */ = {
			isa = PBXVariantGroup;
			children = (
				3DBBD82A28BD036200D3103C /* Base */,
			);
			name = LaunchScreen.storyboard;
			sourceTree = "<group>";
		};
/* End PBXVariantGroup section */

/* Begin XCBuildConfiguration section */
		3DBBD84328BD036200D3103C /* Debug */ = {
			isa = XCBuildConfiguration;
			buildSettings = {
				ALWAYS_SEARCH_USER_PATHS = NO;
				CLANG_ANALYZER_NONNULL = YES;
				CLANG_ANALYZER_NUMBER_OBJECT_CONVERSION = YES_AGGRESSIVE;
				CLANG_CXX_LANGUAGE_STANDARD = "gnu++14";
				CLANG_CXX_LIBRARY = "libc++";
				CLANG_ENABLE_MODULES = YES;
				CLANG_ENABLE_OBJC_ARC = YES;
				CLANG_ENABLE_OBJC_WEAK = YES;
				CLANG_WARN_BLOCK_CAPTURE_AUTORELEASING = YES;
				CLANG_WARN_BOOL_CONVERSION = YES;
				CLANG_WARN_COMMA = YES;
				CLANG_WARN_CONSTANT_CONVERSION = YES;
				CLANG_WARN_DEPRECATED_OBJC_IMPLEMENTATIONS = YES;
				CLANG_WARN_DIRECT_OBJC_ISA_USAGE = YES_ERROR;
				CLANG_WARN_DOCUMENTATION_COMMENTS = YES;
				CLANG_WARN_EMPTY_BODY = YES;
				CLANG_WARN_ENUM_CONVERSION = YES;
				CLANG_WARN_INFINITE_RECURSION = YES;
				CLANG_WARN_INT_CONVERSION = YES;
				CLANG_WARN_NON_LITERAL_NULL_CONVERSION = YES;
				CLANG_WARN_OBJC_IMPLICIT_RETAIN_SELF = YES;
				CLANG_WARN_OBJC_LITERAL_CONVERSION = YES;
				CLANG_WARN_OBJC_ROOT_CLASS = YES_ERROR;
				CLANG_WARN_RANGE_LOOP_ANALYSIS = YES;
				CLANG_WARN_STRICT_PROTOTYPES = YES;
				CLANG_WARN_SUSPICIOUS_MOVE = YES;
				CLANG_WARN_UNGUARDED_AVAILABILITY = YES_AGGRESSIVE;
				CLANG_WARN_UNREACHABLE_CODE = YES;
				CLANG_WARN__DUPLICATE_METHOD_MATCH = YES;
				CODE_SIGN_IDENTITY = "iPhone Developer";
				COPY_PHASE_STRIP = NO;
				DEBUG_INFORMATION_FORMAT = dwarf;
				ENABLE_STRICT_OBJC_MSGSEND = YES;
				ENABLE_TESTABILITY = YES;
				GCC_C_LANGUAGE_STANDARD = gnu11;
				GCC_DYNAMIC_NO_PIC = NO;
				GCC_NO_COMMON_BLOCKS = YES;
				GCC_OPTIMIZATION_LEVEL = 0;
				GCC_PREPROCESSOR_DEFINITIONS = (
					"DEBUG=1",
					"$(inherited)",
				);
				GCC_WARN_64_TO_32_BIT_CONVERSION = YES;
				GCC_WARN_ABOUT_RETURN_TYPE = YES_ERROR;
				GCC_WARN_UNDECLARED_SELECTOR = YES;
				GCC_WARN_UNINITIALIZED_AUTOS = YES_AGGRESSIVE;
				GCC_WARN_UNUSED_FUNCTION = YES;
				GCC_WARN_UNUSED_VARIABLE = YES;
				IPHONEOS_DEPLOYMENT_TARGET = 11.4;
				MTL_ENABLE_DEBUG_INFO = YES;
				ONLY_ACTIVE_ARCH = YES;
				SDKROOT = iphoneos;
				SWIFT_ACTIVE_COMPILATION_CONDITIONS = DEBUG;
				SWIFT_OPTIMIZATION_LEVEL = "-Onone";
			};
			name = Debug;
		};
		3DBBD84428BD036200D3103C /* Release */ = {
			isa = XCBuildConfiguration;
			buildSettings = {
				ALWAYS_SEARCH_USER_PATHS = NO;
				CLANG_ANALYZER_NONNULL = YES;
				CLANG_ANALYZER_NUMBER_OBJECT_CONVERSION = YES_AGGRESSIVE;
				CLANG_CXX_LANGUAGE_STANDARD = "gnu++14";
				CLANG_CXX_LIBRARY = "libc++";
				CLANG_ENABLE_MODULES = YES;
				CLANG_ENABLE_OBJC_ARC = YES;
				CLANG_ENABLE_OBJC_WEAK = YES;
				CLANG_WARN_BLOCK_CAPTURE_AUTORELEASING = YES;
				CLANG_WARN_BOOL_CONVERSION = YES;
				CLANG_WARN_COMMA = YES;
				CLANG_WARN_CONSTANT_CONVERSION = YES;
				CLANG_WARN_DEPRECATED_OBJC_IMPLEMENTATIONS = YES;
				CLANG_WARN_DIRECT_OBJC_ISA_USAGE = YES_ERROR;
				CLANG_WARN_DOCUMENTATION_COMMENTS = YES;
				CLANG_WARN_EMPTY_BODY = YES;
				CLANG_WARN_ENUM_CONVERSION = YES;
				CLANG_WARN_INFINITE_RECURSION = YES;
				CLANG_WARN_INT_CONVERSION = YES;
				CLANG_WARN_NON_LITERAL_NULL_CONVERSION = YES;
				CLANG_WARN_OBJC_IMPLICIT_RETAIN_SELF = YES;
				CLANG_WARN_OBJC_LITERAL_CONVERSION = YES;
				CLANG_WARN_OBJC_ROOT_CLASS = YES_ERROR;
				CLANG_WARN_RANGE_LOOP_ANALYSIS = YES;
				CLANG_WARN_STRICT_PROTOTYPES = YES;
				CLANG_WARN_SUSPICIOUS_MOVE = YES;
				CLANG_WARN_UNGUARDED_AVAILABILITY = YES_AGGRESSIVE;
				CLANG_WARN_UNREACHABLE_CODE = YES;
				CLANG_WARN__DUPLICATE_METHOD_MATCH = YES;
				CODE_SIGN_IDENTITY = "iPhone Developer";
				COPY_PHASE_STRIP = NO;
				DEBUG_INFORMATION_FORMAT = "dwarf-with-dsym";
				ENABLE_NS_ASSERTIONS = NO;
				ENABLE_STRICT_OBJC_MSGSEND = YES;
				GCC_C_LANGUAGE_STANDARD = gnu11;
				GCC_NO_COMMON_BLOCKS = YES;
				GCC_WARN_64_TO_32_BIT_CONVERSION = YES;
				GCC_WARN_ABOUT_RETURN_TYPE = YES_ERROR;
				GCC_WARN_UNDECLARED_SELECTOR = YES;
				GCC_WARN_UNINITIALIZED_AUTOS = YES_AGGRESSIVE;
				GCC_WARN_UNUSED_FUNCTION = YES;
				GCC_WARN_UNUSED_VARIABLE = YES;
				IPHONEOS_DEPLOYMENT_TARGET = 11.4;
				MTL_ENABLE_DEBUG_INFO = NO;
				SDKROOT = iphoneos;
				SWIFT_COMPILATION_MODE = wholemodule;
				SWIFT_OPTIMIZATION_LEVEL = "-O";
				VALIDATE_PRODUCT = YES;
			};
			name = Release;
		};
		3DBBD84628BD036200D3103C /* Debug */ = {
			isa = XCBuildConfiguration;
			buildSettings = {
				ASSETCATALOG_COMPILER_APPICON_NAME = AppIcon;
				CODE_SIGN_STYLE = Automatic;
				INFOPLIST_FILE = Imagenes/Info.plist;
				LD_RUNPATH_SEARCH_PATHS = (
					"$(inherited)",
					"@executable_path/Frameworks",
				);
				PRODUCT_BUNDLE_IDENTIFIER = edu.ulsa.Imagenes;
				PRODUCT_NAME = "$(TARGET_NAME)";
				SWIFT_VERSION = 4.0;
				TARGETED_DEVICE_FAMILY = "1,2";
			};
			name = Debug;
		};
		3DBBD84728BD036200D3103C /* Release */ = {
			isa = XCBuildConfiguration;
			buildSettings = {
				ASSETCATALOG_COMPILER_APPICON_NAME = AppIcon;
				CODE_SIGN_STYLE = Automatic;
				INFOPLIST_FILE = Imagenes/Info.plist;
				LD_RUNPATH_SEARCH_PATHS = (
					"$(inherited)",
					"@executable_path/Frameworks",
				);
				PRODUCT_BUNDLE_IDENTIFIER = edu.ulsa.Imagenes;
				PRODUCT_NAME = "$(TARGET_NAME)";
				SWIFT_VERSION = 4.0;
				TARGETED_DEVICE_FAMILY = "1,2";
			};
			name = Release;
		};
		3DBBD84928BD036200D3103C /* Debug */ = {
			isa = XCBuildConfiguration;
			buildSettings = {
				ALWAYS_EMBED_SWIFT_STANDARD_LIBRARIES = YES;
				BUNDLE_LOADER = "$(TEST_HOST)";
				CODE_SIGN_STYLE = Automatic;
				INFOPLIST_FILE = ImagenesTests/Info.plist;
				LD_RUNPATH_SEARCH_PATHS = (
					"$(inherited)",
					"@executable_path/Frameworks",
					"@loader_path/Frameworks",
				);
				PRODUCT_BUNDLE_IDENTIFIER = edu.ulsa.ImagenesTests;
				PRODUCT_NAME = "$(TARGET_NAME)";
				SWIFT_VERSION = 4.0;
				TARGETED_DEVICE_FAMILY = "1,2";
				TEST_HOST = "$(BUILT_PRODUCTS_DIR)/Imagenes.app/Imagenes";
			};
			name = Debug;
		};
		3DBBD84A28BD036200D3103C /* Release */ = {
			isa = XCBuildConfiguration;
			buildSettings = {
				ALWAYS_EMBED_SWIFT_STANDARD_LIBRARIES = YES;
				BUNDLE_LOADER = "$(TEST_HOST)";
				CODE_SIGN_STYLE = Automatic;
				INFOPLIST_FILE = ImagenesTests/Info.plist;
				LD_RUNPATH_SEARCH_PATHS = (
					"$(inherited)",
					"@executable_path/Frameworks",
					"@loader_path/Frameworks",
				);
				PRODUCT_BUNDLE_IDENTIFIER = edu.ulsa.ImagenesTests;
				PRODUCT_NAME = "$(TARGET_NAME)";
				SWIFT_VERSION = 4.0;
				TARGETED_DEVICE_FAMILY = "1,2";
				TEST_HOST = "$(BUILT_PRODUCTS_DIR)/Imagenes.app/Imagenes";
			};
			name = Release;
		};
		3DBBD84C28BD036200D3103C /* Debug */ = {
			isa = XCBuildConfiguration;
			buildSettings = {
				ALWAYS_EMBED_SWIFT_STANDARD_LIBRARIES = YES;
				CODE_SIGN_STYLE = Automatic;
				INFOPLIST_FILE = ImagenesUITests/Info.plist;
				LD_RUNPATH_SEARCH_PATHS = (
					"$(inherited)",
					"@executable_path/Frameworks",
					"@loader_path/Frameworks",
				);
				PRODUCT_BUNDLE_IDENTIFIER = edu.ulsa.ImagenesUITests;
				PRODUCT_NAME = "$(TARGET_NAME)";
				SWIFT_VERSION = 4.0;
				TARGETED_DEVICE_FAMILY = "1,2";
				TEST_TARGET_NAME = Imagenes;
			};
			name = Debug;
		};
		3DBBD84D28BD036200D3103C /* Release */ = {
			isa = XCBuildConfiguration;
			buildSettings = {
				ALWAYS_EMBED_SWIFT_STANDARD_LIBRARIES = YES;
				CODE_SIGN_STYLE = Automatic;
				INFOPLIST_FILE = ImagenesUITests/Info.plist;
				LD_RUNPATH_SEARCH_PATHS = (
					"$(inherited)",
					"@executable_path/Frameworks",
					"@loader_path/Frameworks",
				);
				PRODUCT_BUNDLE_IDENTIFIER = edu.ulsa.ImagenesUITests;
				PRODUCT_NAME = "$(TARGET_NAME)";
				SWIFT_VERSION = 4.0;
				TARGETED_DEVICE_FAMILY = "1,2";
				TEST_TARGET_NAME = Imagenes;
			};
			name = Release;
		};
/* End XCBuildConfiguration section */

/* Begin XCConfigurationList section */
		3DBBD81828BD035100D3103C /* Build configuration list for PBXProject "Imagenes" */ = {
			isa = XCConfigurationList;
			buildConfigurations = (
				3DBBD84328BD036200D3103C /* Debug */,
				3DBBD84428BD036200D3103C /* Release */,
			);
			defaultConfigurationIsVisible = 0;
			defaultConfigurationName = Release;
		};
		3DBBD84528BD036200D3103C /* Build configuration list for PBXNativeTarget "Imagenes" */ = {
			isa = XCConfigurationList;
			buildConfigurations = (
				3DBBD84628BD036200D3103C /* Debug */,
				3DBBD84728BD036200D3103C /* Release */,
			);
			defaultConfigurationIsVisible = 0;
			defaultConfigurationName = Release;
		};
		3DBBD84828BD036200D3103C /* Build configuration list for PBXNativeTarget "ImagenesTests" */ = {
			isa = XCConfigurationList;
			buildConfigurations = (
				3DBBD84928BD036200D3103C /* Debug */,
				3DBBD84A28BD036200D3103C /* Release */,
			);
			defaultConfigurationIsVisible = 0;
			defaultConfigurationName = Release;
		};
		3DBBD84B28BD036200D3103C /* Build configuration list for PBXNativeTarget "ImagenesUITests" */ = {
			isa = XCConfigurationList;
			buildConfigurations = (
				3DBBD84C28BD036200D3103C /* Debug */,
				3DBBD84D28BD036200D3103C /* Release */,
			);
			defaultConfigurationIsVisible = 0;
			defaultConfigurationName = Release;
		};
/* End XCConfigurationList section */
	};
	rootObject = 3DBBD81528BD035100D3103C /* Project object */;
}
